
Microsoft Visual Studio Solution File, Format Version 12.00
# Visual Studio Version 16
VisualStudioVersion = 16.0.32228.343
MinimumVisualStudioVersion = 10.0.40219.1
Project("{FAE04EC0-301F-11D3-BF4B-00C04F79EFBC}") = "SharpProjectSplitter", "SharpProjectSplitter\SharpProjectSplitter.csproj", "{903B0953-BE34-478E-8F5C-5CED4CA48810}"
EndProject
Project("{FAE04EC0-301F-11D3-BF4B-00C04F79EFBC}") = "SharpProjectSplitter.UI", "SharpProjectSplitter.UI\SharpProjectSplitter.UI.csproj", "{9131DEE3-6923-44AC-96DB-DF793226F648}"
EndProject
Project("{9A19103F-16F7-4668-BE54-9A1E7A4F7556}") = "Graphviz4Net.Core", "Graphviz4Net.Core\Graphviz4Net.Core.csproj", "{2E0161BA-2F71-4B5C-AEA1-DB766B9DE8A0}"
EndProject
Project("{9A19103F-16F7-4668-BE54-9A1E7A4F7556}") = "Graphviz4Net.WPF", "Graphviz4Net.WPF\Graphviz4Net.WPF.csproj", "{4C3D0E16-9DC6-43D0-AC19-86E622C18530}"
EndProject
Project("{FAE04EC0-301F-11D3-BF4B-00C04F79EFBC}") = "SampleProject", "SampleProject\SampleProject.csproj", "{BDEBE1AF-04DB-489B-8277-AC48B48A011D}"
EndProject
Global
	GlobalSection(SolutionConfigurationPlatforms) = preSolution
		Debug|Any CPU = Debug|Any CPU
		Release|Any CPU = Release|Any CPU
	EndGlobalSection
	GlobalSection(ProjectConfigurationPlatforms) = postSolution
		{903B0953-BE34-478E-8F5C-5CED4CA48810}.Debug|Any CPU.ActiveCfg = Debug|Any CPU
		{903B0953-BE34-478E-8F5C-5CED4CA48810}.Debug|Any CPU.Build.0 = Debug|Any CPU
		{903B0953-BE34-478E-8F5C-5CED4CA48810}.Release|Any CPU.ActiveCfg = Release|Any CPU
		{903B0953-BE34-478E-8F5C-5CED4CA48810}.Release|Any CPU.Build.0 = Release|Any CPU
		{9131DEE3-6923-44AC-96DB-DF793226F648}.Debug|Any CPU.ActiveCfg = Debug|Any CPU
		{9131DEE3-6923-44AC-96DB-DF793226F648}.Debug|Any CPU.Build.0 = Debug|Any CPU
		{9131DEE3-6923-44AC-96DB-DF793226F648}.Release|Any CPU.ActiveCfg = Release|Any CPU
		{9131DEE3-6923-44AC-96DB-DF793226F648}.Release|Any CPU.Build.0 = Release|Any CPU
		{2E0161BA-2F71-4B5C-AEA1-DB766B9DE8A0}.Debug|Any CPU.ActiveCfg = Debug|Any CPU
		{2E0161BA-2F71-4B5C-AEA1-DB766B9DE8A0}.Debug|Any CPU.Build.0 = Debug|Any CPU
		{2E0161BA-2F71-4B5C-AEA1-DB766B9DE8A0}.Release|Any CPU.ActiveCfg = Release|Any CPU
		{2E0161BA-2F71-4B5C-AEA1-DB766B9DE8A0}.Release|Any CPU.Build.0 = Release|Any CPU
		{4C3D0E16-9DC6-43D0-AC19-86E622C18530}.Debug|Any CPU.ActiveCfg = Debug|Any CPU
		{4C3D0E16-9DC6-43D0-AC19-86E622C18530}.Debug|Any CPU.Build.0 = Debug|Any CPU
		{4C3D0E16-9DC6-43D0-AC19-86E622C18530}.Release|Any CPU.ActiveCfg = Release|Any CPU
		{4C3D0E16-9DC6-43D0-AC19-86E622C18530}.Release|Any CPU.Build.0 = Release|Any CPU
		{BDEBE1AF-04DB-489B-8277-AC48B48A011D}.Debug|Any CPU.ActiveCfg = Debug|Any CPU
		{BDEBE1AF-04DB-489B-8277-AC48B48A011D}.Debug|Any CPU.Build.0 = Debug|Any CPU
		{BDEBE1AF-04DB-489B-8277-AC48B48A011D}.Release|Any CPU.ActiveCfg = Release|Any CPU
		{BDEBE1AF-04DB-489B-8277-AC48B48A011D}.Release|Any CPU.Build.0 = Release|Any CPU
	EndGlobalSection
	GlobalSection(SolutionProperties) = preSolution
		HideSolutionNode = FALSE
	EndGlobalSection
	GlobalSection(ExtensibilityGlobals) = postSolution
		SolutionGuid = {BDFEC8FE-9F4A-425E-A8B5-32606080C6AB}
	EndGlobalSection
EndGlobal
